
Microsoft Visual Studio Solution File, Format Version 12.00
# Visual Studio Version 16
VisualStudioVersion = 16.0.29409.12
MinimumVisualStudioVersion = 10.0.40219.1
Project("{FAE04EC0-301F-11D3-BF4B-00C04F79EFBC}") = "DatingApp.API", "DatingApp.API\DatingApp.API.csproj", "{1F47DFD3-1710-455A-8082-FE4E1EEC6729}"
EndProject
Global
	GlobalSection(SolutionConfigurationPlatforms) = preSolution
		Debug|Any CPU = Debug|Any CPU
		Release|Any CPU = Release|Any CPU
	EndGlobalSection
	GlobalSection(ProjectConfigurationPlatforms) = postSolution
		{1F47DFD3-1710-455A-8082-FE4E1EEC6729}.Debug|Any CPU.ActiveCfg = Debug|Any CPU
		{1F47DFD3-1710-455A-8082-FE4E1EEC6729}.Debug|Any CPU.Build.0 = Debug|Any CPU
		{1F47DFD3-1710-455A-8082-FE4E1EEC6729}.Release|Any CPU.ActiveCfg = Release|Any CPU
		{1F47DFD3-1710-455A-8082-FE4E1EEC6729}.Release|Any CPU.Build.0 = Release|Any CPU
	EndGlobalSection
	GlobalSection(SolutionProperties) = preSolution
		HideSolutionNode = FALSE
	EndGlobalSection
	GlobalSection(ExtensibilityGlobals) = postSolution
		SolutionGuid = {DC6C339B-00B5-4F6F-B4A0-B3385C443608}
	EndGlobalSection
EndGlobal
