
Microsoft Visual Studio Solution File, Format Version 12.00
# Visual Studio Version 16
VisualStudioVersion = 16.0.29409.12
MinimumVisualStudioVersion = 10.0.40219.1
Project("{9A19103F-16F7-4668-BE54-9A1E7A4F7556}") = "DatingApp.API", "DatingApp.API.csproj", "{75DFAC2B-9C3A-445C-B34C-39F37D1F87D0}"
EndProject
Global
	GlobalSection(SolutionConfigurationPlatforms) = preSolution
		Debug|Any CPU = Debug|Any CPU
		Release|Any CPU = Release|Any CPU
	EndGlobalSection
	GlobalSection(ProjectConfigurationPlatforms) = postSolution
		{75DFAC2B-9C3A-445C-B34C-39F37D1F87D0}.Debug|Any CPU.ActiveCfg = Debug|Any CPU
		{75DFAC2B-9C3A-445C-B34C-39F37D1F87D0}.Debug|Any CPU.Build.0 = Debug|Any CPU
		{75DFAC2B-9C3A-445C-B34C-39F37D1F87D0}.Release|Any CPU.ActiveCfg = Release|Any CPU
		{75DFAC2B-9C3A-445C-B34C-39F37D1F87D0}.Release|Any CPU.Build.0 = Release|Any CPU
	EndGlobalSection
	GlobalSection(SolutionProperties) = preSolution
		HideSolutionNode = FALSE
	EndGlobalSection
	GlobalSection(ExtensibilityGlobals) = postSolution
		SolutionGuid = {60741E64-CB16-4A58-B75B-ECD6161499E2}
	EndGlobalSection
EndGlobal
